<?xml version="1.0" encoding="utf-8"?>
<Project ToolsVersion="4.0" xmlns="http://schemas.microsoft.com/developer/msbuild/2003">
  <ItemGroup>
    <Filter Include="Source">
      <UniqueIdentifier>{23f7839e-b87d-44c8-8351-a35b73c6981b}</UniqueIdentifier>
    </Filter>
    <Filter Include="Source\Scene">
      <UniqueIdentifier>{2220519c-a53c-4820-b09b-c893b11d3aa8}</UniqueIdentifier>
    </Filter>
    <Filter Include="Source\Scene\TitleScene">
      <UniqueIdentifier>{5950d4d1-e08c-43f7-9440-23d0fdf3eb90}</UniqueIdentifier>
    </Filter>
    <Filter Include="Source\Scene\PlayScene">
      <UniqueIdentifier>{28a3517a-2faf-4a64-aa61-4d00891d42bc}</UniqueIdentifier>
    </Filter>
    <Filter Include="Source\Scene\OptionScene">
      <UniqueIdentifier>{dc4095ab-0ab0-4cff-8a0e-b14b4a8235c7}</UniqueIdentifier>
    </Filter>
    <Filter Include="Source\GameSetting">
      <UniqueIdentifier>{711bf537-1714-439f-8fc8-c8c531c8891d}</UniqueIdentifier>
    </Filter>
    <Filter Include="Source\Input">
      <UniqueIdentifier>{7532e9f3-9770-4fb2-839f-5c7cf3d1b53d}</UniqueIdentifier>
    </Filter>
  </ItemGroup>
  <ItemGroup>
    <ClCompile Include="Source\Main.cpp">
      <Filter>Source</Filter>
    </ClCompile>
    <ClCompile Include="Source\Scene\SceneManager.cpp">
      <Filter>Source\Scene</Filter>
    </ClCompile>
    <ClCompile Include="Source\Scene\OptionScene\OptionScene.cpp">
      <Filter>Source\Scene\OptionScene</Filter>
    </ClCompile>
    <ClCompile Include="Source\Scene\PlayScene\PlayScene.cpp">
      <Filter>Source\Scene\PlayScene</Filter>
    </ClCompile>
    <ClCompile Include="Source\Scene\TitleScene\TitleScene.cpp">
      <Filter>Source\Scene\TitleScene</Filter>
    </ClCompile>
    <ClCompile Include="Source\Input\Input.cpp">
      <Filter>Source\Input</Filter>
    </ClCompile>
  </ItemGroup>
  <ItemGroup>
    <ClInclude Include="Source\Scene\SceneManager.h">
      <Filter>Source\Scene</Filter>
    </ClInclude>
    <ClInclude Include="Source\Scene\OptionScene\OptionScene.h">
      <Filter>Source\Scene\OptionScene</Filter>
    </ClInclude>
    <ClInclude Include="Source\Scene\PlayScene\PlayScene.h">
      <Filter>Source\Scene\PlayScene</Filter>
    </ClInclude>
    <ClInclude Include="Source\Scene\TitleScene\TitleScene.h">
      <Filter>Source\Scene\TitleScene</Filter>
    </ClInclude>
    <ClInclude Include="Source\Input\Input.h">
      <Filter>Source\Input</Filter>
    </ClInclude>
    <ClInclude Include="Source\GameSetting\GameSetting.h">
      <Filter>Source\GameSetting</Filter>
    </ClInclude>
  </ItemGroup>
</Project>